
Microsoft Visual Studio Solution File, Format Version 12.00
# Visual Studio 14
VisualStudioVersion = 14.0.25420.1
MinimumVisualStudioVersion = 10.0.40219.1
Project("{FAE04EC0-301F-11D3-BF4B-00C04F79EFBC}") = "EFDemo.Core", "EFDemo.Core\EFDemo.Core.csproj", "{BB8989BA-56A7-4DD0-B6D5-1A33C762F8D4}"
EndProject
Project("{FAE04EC0-301F-11D3-BF4B-00C04F79EFBC}") = "EFDemo.Web", "EFDemo.Web\EFDemo.Web.csproj", "{719FB78E-E3F0-41A3-B31F-72EBE757EBE8}"
EndProject
Global
	GlobalSection(SolutionConfigurationPlatforms) = preSolution
		Debug|Any CPU = Debug|Any CPU
		Release|Any CPU = Release|Any CPU
	EndGlobalSection
	GlobalSection(ProjectConfigurationPlatforms) = postSolution
		{BB8989BA-56A7-4DD0-B6D5-1A33C762F8D4}.Debug|Any CPU.ActiveCfg = Debug|Any CPU
		{BB8989BA-56A7-4DD0-B6D5-1A33C762F8D4}.Debug|Any CPU.Build.0 = Debug|Any CPU
		{BB8989BA-56A7-4DD0-B6D5-1A33C762F8D4}.Release|Any CPU.ActiveCfg = Release|Any CPU
		{BB8989BA-56A7-4DD0-B6D5-1A33C762F8D4}.Release|Any CPU.Build.0 = Release|Any CPU
		{719FB78E-E3F0-41A3-B31F-72EBE757EBE8}.Debug|Any CPU.ActiveCfg = Debug|Any CPU
		{719FB78E-E3F0-41A3-B31F-72EBE757EBE8}.Debug|Any CPU.Build.0 = Debug|Any CPU
		{719FB78E-E3F0-41A3-B31F-72EBE757EBE8}.Release|Any CPU.ActiveCfg = Release|Any CPU
		{719FB78E-E3F0-41A3-B31F-72EBE757EBE8}.Release|Any CPU.Build.0 = Release|Any CPU
	EndGlobalSection
	GlobalSection(SolutionProperties) = preSolution
		HideSolutionNode = FALSE
	EndGlobalSection
EndGlobal
